
Microsoft Visual Studio Solution File, Format Version 12.00
# Visual Studio Version 17
VisualStudioVersion = 17.2.32526.322
MinimumVisualStudioVersion = 10.0.40219.1
Project("{FAE04EC0-301F-11D3-BF4B-00C04F79EFBC}") = "Level 24 The Color", "Level 24 The Color\Level 24 The Color.csproj", "{38A03059-22A9-471B-B10A-DD57BD696967}"
EndProject
Global
	GlobalSection(SolutionConfigurationPlatforms) = preSolution
		Debug|Any CPU = Debug|Any CPU
		Release|Any CPU = Release|Any CPU
	EndGlobalSection
	GlobalSection(ProjectConfigurationPlatforms) = postSolution
		{38A03059-22A9-471B-B10A-DD57BD696967}.Debug|Any CPU.ActiveCfg = Debug|Any CPU
		{38A03059-22A9-471B-B10A-DD57BD696967}.Debug|Any CPU.Build.0 = Debug|Any CPU
		{38A03059-22A9-471B-B10A-DD57BD696967}.Release|Any CPU.ActiveCfg = Release|Any CPU
		{38A03059-22A9-471B-B10A-DD57BD696967}.Release|Any CPU.Build.0 = Release|Any CPU
	EndGlobalSection
	GlobalSection(SolutionProperties) = preSolution
		HideSolutionNode = FALSE
	EndGlobalSection
	GlobalSection(ExtensibilityGlobals) = postSolution
		SolutionGuid = {F19761B4-FA33-4435-A972-2FCB9FF95E63}
	EndGlobalSection
EndGlobal
